
Microsoft Visual Studio Solution File, Format Version 12.00
# Visual Studio 15
Project("{FAE04EC0-301F-11D3-BF4B-00C04F79EFBC}") = "SAMPLE_GAME", "SAMPLE_GAME.csproj", "{7F3CE911-72A1-F317-878E-5C1025846752}"
EndProject
Project("{FAE04EC0-301F-11D3-BF4B-00C04F79EFBC}") = "SAMPLE_GAME.Plugins", "SAMPLE_GAME.Plugins.csproj", "{8A5EB01B-0A95-B548-1D07-F6D02DED84C8}"
EndProject
Global
	GlobalSection(SolutionConfigurationPlatforms) = preSolution
		Debug|Any CPU = Debug|Any CPU
		Release|Any CPU = Release|Any CPU
	EndGlobalSection
	GlobalSection(ProjectConfigurationPlatforms) = postSolution
		{7F3CE911-72A1-F317-878E-5C1025846752}.Debug|Any CPU.ActiveCfg = Debug|Any CPU
		{7F3CE911-72A1-F317-878E-5C1025846752}.Debug|Any CPU.Build.0 = Debug|Any CPU
		{7F3CE911-72A1-F317-878E-5C1025846752}.Release|Any CPU.ActiveCfg = Release|Any CPU
		{7F3CE911-72A1-F317-878E-5C1025846752}.Release|Any CPU.Build.0 = Release|Any CPU
		{8A5EB01B-0A95-B548-1D07-F6D02DED84C8}.Debug|Any CPU.ActiveCfg = Debug|Any CPU
		{8A5EB01B-0A95-B548-1D07-F6D02DED84C8}.Debug|Any CPU.Build.0 = Debug|Any CPU
		{8A5EB01B-0A95-B548-1D07-F6D02DED84C8}.Release|Any CPU.ActiveCfg = Release|Any CPU
		{8A5EB01B-0A95-B548-1D07-F6D02DED84C8}.Release|Any CPU.Build.0 = Release|Any CPU
	EndGlobalSection
	GlobalSection(SolutionProperties) = preSolution
		HideSolutionNode = FALSE
	EndGlobalSection
EndGlobal
